# THIS IS AN AUTOGENERATED FILE. DO NOT EDIT THIS FILE DIRECTLY.
# yarn lockfile v1


typescript@4.0.7:
  version "4.0.7"
  resolved "https://registry.yarnpkg.com/typescript/-/typescript-4.0.7.tgz#7168032c43d2a2671c95c07812f69523c79590af"
  integrity sha512-yi7M4y74SWvYbnazbn8/bmJmX4Zlej39ZOqwG/8dut/MYoSQ119GY9ZFbbGsD4PFZYWxqik/XsP3vk3+W5H3og==
